Microsoft Visual Studio Solution File, Format Version 12.00
# Visual Studio Version 17
VisualStudioVersion = 17.5.2.0
MinimumVisualStudioVersion = 10.0.40219.1
Project("{2150E333-8FDC-42A3-9474-1A3956D46DE8}") = ".agents", ".agents", "{6297259D-4A45-9352-16DA-280161E089E3}"
EndProject
Project("{2150E333-8FDC-42A3-9474-1A3956D46DE8}") = "skills", "skills", "{303CC286-7E05-F29B-CAFD-749B3845CB8C}"
EndProject
Project("{2150E333-8FDC-42A3-9474-1A3956D46DE8}") = "umbraco-backoffice", "umbraco-backoffice", "{01BE819B-44A0-310C-33EA-C1A1B2EAC602}"
EndProject
Project("{2150E333-8FDC-42A3-9474-1A3956D46DE8}") = "examples", "examples", "{CBE6E8F9-24C3-ED71-1667-DC0F4B1BFA7E}"
EndProject
Project("{FAE04EC0-301F-11D3-BF4B-00C04F79EFBC}") = "Blueprint", ".agents\skills\umbraco-backoffice\examples\Blueprint\Blueprint.csproj", "{5593B8F9-AF41-4CC7-C908-D0552069A480}"
EndProject
Project("{2150E333-8FDC-42A3-9474-1A3956D46DE8}") = "notes-wiki", "notes-wiki", "{1C1FDD24-D9D7-34F9-8F48-65D1C082C152}"
EndProject
Project("{FAE04EC0-301F-11D3-BF4B-00C04F79EFBC}") = "NotesWiki", ".agents\skills\umbraco-backoffice\examples\notes-wiki\NotesWiki.csproj", "{24B7B05D-73C0-9B0C-B706-AC8411DC64A2}"
EndProject
Project("{FAE04EC0-301F-11D3-BF4B-00C04F79EFBC}") = "TimeDashboard", ".agents\skills\umbraco-backoffice\examples\TimeDashboard\TimeDashboard.csproj", "{F5BF74C6-1090-AED3-D34F-523F89DC8071}"
EndProject
Project("{2150E333-8FDC-42A3-9474-1A3956D46DE8}") = "tree-example", "tree-example", "{C73CE4AA-22AB-9F7D-076F-2E20A7A4D0C5}"
EndProject
Project("{FAE04EC0-301F-11D3-BF4B-00C04F79EFBC}") = "UmbTreeClient", ".agents\skills\umbraco-backoffice\examples\tree-example\UmbTreeClient.csproj", "{1153B17A-DA88-C7A2-4C9A-218232B5E89E}"
EndProject
Global
	GlobalSection(SolutionConfigurationPlatforms) = preSolution
		Debug|Any CPU = Debug|Any CPU
		Release|Any CPU = Release|Any CPU
	EndGlobalSection
	GlobalSection(ProjectConfigurationPlatforms) = postSolution
		{5593B8F9-AF41-4CC7-C908-D0552069A480}.Debug|Any CPU.ActiveCfg = Debug|Any CPU
		{5593B8F9-AF41-4CC7-C908-D0552069A480}.Debug|Any CPU.Build.0 = Debug|Any CPU
		{5593B8F9-AF41-4CC7-C908-D0552069A480}.Release|Any CPU.ActiveCfg = Release|Any CPU
		{5593B8F9-AF41-4CC7-C908-D0552069A480}.Release|Any CPU.Build.0 = Release|Any CPU
		{24B7B05D-73C0-9B0C-B706-AC8411DC64A2}.Debug|Any CPU.ActiveCfg = Debug|Any CPU
		{24B7B05D-73C0-9B0C-B706-AC8411DC64A2}.Debug|Any CPU.Build.0 = Debug|Any CPU
		{24B7B05D-73C0-9B0C-B706-AC8411DC64A2}.Release|Any CPU.ActiveCfg = Release|Any CPU
		{24B7B05D-73C0-9B0C-B706-AC8411DC64A2}.Release|Any CPU.Build.0 = Release|Any CPU
		{F5BF74C6-1090-AED3-D34F-523F89DC8071}.Debug|Any CPU.ActiveCfg = Debug|Any CPU
		{F5BF74C6-1090-AED3-D34F-523F89DC8071}.Debug|Any CPU.Build.0 = Debug|Any CPU
		{F5BF74C6-1090-AED3-D34F-523F89DC8071}.Release|Any CPU.ActiveCfg = Release|Any CPU
		{F5BF74C6-1090-AED3-D34F-523F89DC8071}.Release|Any CPU.Build.0 = Release|Any CPU
		{1153B17A-DA88-C7A2-4C9A-218232B5E89E}.Debug|Any CPU.ActiveCfg = Debug|Any CPU
		{1153B17A-DA88-C7A2-4C9A-218232B5E89E}.Debug|Any CPU.Build.0 = Debug|Any CPU
		{1153B17A-DA88-C7A2-4C9A-218232B5E89E}.Release|Any CPU.ActiveCfg = Release|Any CPU
		{1153B17A-DA88-C7A2-4C9A-218232B5E89E}.Release|Any CPU.Build.0 = Release|Any CPU
	EndGlobalSection
	GlobalSection(SolutionProperties) = preSolution
		HideSolutionNode = FALSE
	EndGlobalSection
	GlobalSection(NestedProjects) = preSolution
		{303CC286-7E05-F29B-CAFD-749B3845CB8C} = {6297259D-4A45-9352-16DA-280161E089E3}
		{01BE819B-44A0-310C-33EA-C1A1B2EAC602} = {303CC286-7E05-F29B-CAFD-749B3845CB8C}
		{CBE6E8F9-24C3-ED71-1667-DC0F4B1BFA7E} = {01BE819B-44A0-310C-33EA-C1A1B2EAC602}
		{5593B8F9-AF41-4CC7-C908-D0552069A480} = {CBE6E8F9-24C3-ED71-1667-DC0F4B1BFA7E}
		{1C1FDD24-D9D7-34F9-8F48-65D1C082C152} = {CBE6E8F9-24C3-ED71-1667-DC0F4B1BFA7E}
		{24B7B05D-73C0-9B0C-B706-AC8411DC64A2} = {1C1FDD24-D9D7-34F9-8F48-65D1C082C152}
		{F5BF74C6-1090-AED3-D34F-523F89DC8071} = {CBE6E8F9-24C3-ED71-1667-DC0F4B1BFA7E}
		{C73CE4AA-22AB-9F7D-076F-2E20A7A4D0C5} = {CBE6E8F9-24C3-ED71-1667-DC0F4B1BFA7E}
		{1153B17A-DA88-C7A2-4C9A-218232B5E89E} = {C73CE4AA-22AB-9F7D-076F-2E20A7A4D0C5}
	EndGlobalSection
	GlobalSection(ExtensibilityGlobals) = postSolution
		SolutionGuid = {29B2FCE1-5275-4D08-B0BE-4A8BC996E3AF}
	EndGlobalSection
EndGlobal
